
Microsoft Visual Studio Solution File, Format Version 12.00
# Visual Studio 14
VisualStudioVersion = 14.0.24720.0
MinimumVisualStudioVersion = 10.0.40219.1
Project("{2150E333-8FDC-42A3-9474-1A3956D46DE8}") = "FXTrade.MarginService", "FXTrade.MarginService", "{FB0F8A88-4776-4586-AE37-AF74E5A2734C}"
EndProject
Project("{FAE04EC0-301F-11D3-BF4B-00C04F79EFBC}") = "FXTrade.MarginService.ServiceCore", "FXTrade.MarginService.ServiceCore\FXTrade.MarginService.ServiceCore.csproj", "{4F9555F6-A045-482A-970B-19210C83FB18}"
EndProject
Project("{FAE04EC0-301F-11D3-BF4B-00C04F79EFBC}") = "FXTrade.MarginService.BLL", "FXTrade.MarginService.BLL\FXTrade.MarginService.BLL.csproj", "{0DAEF7EE-36C5-4C54-8231-707E3EAB2660}"
EndProject
Project("{FAE04EC0-301F-11D3-BF4B-00C04F79EFBC}") = "FXTrade.MarginService.ConsoleClient", "FXTrade.MarginService.ConsoleClient\FXTrade.MarginService.ConsoleClient.csproj", "{5D8FF6BB-7498-4981-B2C1-37B553E09BCF}"
EndProject
Global
	GlobalSection(SolutionConfigurationPlatforms) = preSolution
		Damian|Any CPU = Damian|Any CPU
		Damian|x64 = Damian|x64
		Damian|x86 = Damian|x86
		Debug|Any CPU = Debug|Any CPU
		Debug|x64 = Debug|x64
		Debug|x86 = Debug|x86
		Kamil|Any CPU = Kamil|Any CPU
		Kamil|x64 = Kamil|x64
		Kamil|x86 = Kamil|x86
		PROD|Any CPU = PROD|Any CPU
		PROD|x64 = PROD|x64
		PROD|x86 = PROD|x86
		Rafal|Any CPU = Rafal|Any CPU
		Rafal|x64 = Rafal|x64
		Rafal|x86 = Rafal|x86
		Release|Any CPU = Release|Any CPU
		Release|x64 = Release|x64
		Release|x86 = Release|x86
		UAT|Any CPU = UAT|Any CPU
		UAT|x64 = UAT|x64
		UAT|x86 = UAT|x86
	EndGlobalSection
	GlobalSection(ProjectConfigurationPlatforms) = postSolution
		{4F9555F6-A045-482A-970B-19210C83FB18}.Damian|Any CPU.ActiveCfg = Debug|Any CPU
		{4F9555F6-A045-482A-970B-19210C83FB18}.Damian|Any CPU.Build.0 = Debug|Any CPU
		{4F9555F6-A045-482A-970B-19210C83FB18}.Damian|x64.ActiveCfg = Debug|Any CPU
		{4F9555F6-A045-482A-970B-19210C83FB18}.Damian|x64.Build.0 = Debug|Any CPU
		{4F9555F6-A045-482A-970B-19210C83FB18}.Damian|x86.ActiveCfg = Debug|Any CPU
		{4F9555F6-A045-482A-970B-19210C83FB18}.Damian|x86.Build.0 = Debug|Any CPU
		{4F9555F6-A045-482A-970B-19210C83FB18}.Debug|Any CPU.ActiveCfg = Debug|Any CPU
		{4F9555F6-A045-482A-970B-19210C83FB18}.Debug|Any CPU.Build.0 = Debug|Any CPU
		{4F9555F6-A045-482A-970B-19210C83FB18}.Debug|x64.ActiveCfg = Debug|Any CPU
		{4F9555F6-A045-482A-970B-19210C83FB18}.Debug|x64.Build.0 = Debug|Any CPU
		{4F9555F6-A045-482A-970B-19210C83FB18}.Debug|x86.ActiveCfg = Debug|Any CPU
		{4F9555F6-A045-482A-970B-19210C83FB18}.Debug|x86.Build.0 = Debug|Any CPU
		{4F9555F6-A045-482A-970B-19210C83FB18}.Kamil|Any CPU.ActiveCfg = Release|Any CPU
		{4F9555F6-A045-482A-970B-19210C83FB18}.Kamil|Any CPU.Build.0 = Release|Any CPU
		{4F9555F6-A045-482A-970B-19210C83FB18}.Kamil|x64.ActiveCfg = Release|Any CPU
		{4F9555F6-A045-482A-970B-19210C83FB18}.Kamil|x64.Build.0 = Release|Any CPU
		{4F9555F6-A045-482A-970B-19210C83FB18}.Kamil|x86.ActiveCfg = Release|Any CPU
		{4F9555F6-A045-482A-970B-19210C83FB18}.Kamil|x86.Build.0 = Release|Any CPU
		{4F9555F6-A045-482A-970B-19210C83FB18}.PROD|Any CPU.ActiveCfg = Release|Any CPU
		{4F9555F6-A045-482A-970B-19210C83FB18}.PROD|Any CPU.Build.0 = Release|Any CPU
		{4F9555F6-A045-482A-970B-19210C83FB18}.PROD|x64.ActiveCfg = Release|Any CPU
		{4F9555F6-A045-482A-970B-19210C83FB18}.PROD|x64.Build.0 = Release|Any CPU
		{4F9555F6-A045-482A-970B-19210C83FB18}.PROD|x86.ActiveCfg = Release|Any CPU
		{4F9555F6-A045-482A-970B-19210C83FB18}.PROD|x86.Build.0 = Release|Any CPU
		{4F9555F6-A045-482A-970B-19210C83FB18}.Rafal|Any CPU.ActiveCfg = Release|Any CPU
		{4F9555F6-A045-482A-970B-19210C83FB18}.Rafal|Any CPU.Build.0 = Release|Any CPU
		{4F9555F6-A045-482A-970B-19210C83FB18}.Rafal|x64.ActiveCfg = Release|Any CPU
		{4F9555F6-A045-482A-970B-19210C83FB18}.Rafal|x64.Build.0 = Release|Any CPU
		{4F9555F6-A045-482A-970B-19210C83FB18}.Rafal|x86.ActiveCfg = Release|Any CPU
		{4F9555F6-A045-482A-970B-19210C83FB18}.Rafal|x86.Build.0 = Release|Any CPU
		{4F9555F6-A045-482A-970B-19210C83FB18}.Release|Any CPU.ActiveCfg = Release|Any CPU
		{4F9555F6-A045-482A-970B-19210C83FB18}.Release|Any CPU.Build.0 = Release|Any CPU
		{4F9555F6-A045-482A-970B-19210C83FB18}.Release|x64.ActiveCfg = Release|Any CPU
		{4F9555F6-A045-482A-970B-19210C83FB18}.Release|x64.Build.0 = Release|Any CPU
		{4F9555F6-A045-482A-970B-19210C83FB18}.Release|x86.ActiveCfg = Release|Any CPU
		{4F9555F6-A045-482A-970B-19210C83FB18}.Release|x86.Build.0 = Release|Any CPU
		{4F9555F6-A045-482A-970B-19210C83FB18}.UAT|Any CPU.ActiveCfg = Release|Any CPU
		{4F9555F6-A045-482A-970B-19210C83FB18}.UAT|Any CPU.Build.0 = Release|Any CPU
		{4F9555F6-A045-482A-970B-19210C83FB18}.UAT|x64.ActiveCfg = Release|Any CPU
		{4F9555F6-A045-482A-970B-19210C83FB18}.UAT|x64.Build.0 = Release|Any CPU
		{4F9555F6-A045-482A-970B-19210C83FB18}.UAT|x86.ActiveCfg = Release|Any CPU
		{4F9555F6-A045-482A-970B-19210C83FB18}.UAT|x86.Build.0 = Release|Any CPU
		{0DAEF7EE-36C5-4C54-8231-707E3EAB2660}.Damian|Any CPU.ActiveCfg = Debug|Any CPU
		{0DAEF7EE-36C5-4C54-8231-707E3EAB2660}.Damian|Any CPU.Build.0 = Debug|Any CPU
		{0DAEF7EE-36C5-4C54-8231-707E3EAB2660}.Damian|x64.ActiveCfg = Debug|Any CPU
		{0DAEF7EE-36C5-4C54-8231-707E3EAB2660}.Damian|x64.Build.0 = Debug|Any CPU
		{0DAEF7EE-36C5-4C54-8231-707E3EAB2660}.Damian|x86.ActiveCfg = Debug|Any CPU
		{0DAEF7EE-36C5-4C54-8231-707E3EAB2660}.Damian|x86.Build.0 = Debug|Any CPU
		{0DAEF7EE-36C5-4C54-8231-707E3EAB2660}.Debug|Any CPU.ActiveCfg = Debug|Any CPU
		{0DAEF7EE-36C5-4C54-8231-707E3EAB2660}.Debug|Any CPU.Build.0 = Debug|Any CPU
		{0DAEF7EE-36C5-4C54-8231-707E3EAB2660}.Debug|x64.ActiveCfg = Debug|Any CPU
		{0DAEF7EE-36C5-4C54-8231-707E3EAB2660}.Debug|x64.Build.0 = Debug|Any CPU
		{0DAEF7EE-36C5-4C54-8231-707E3EAB2660}.Debug|x86.ActiveCfg = Debug|Any CPU
		{0DAEF7EE-36C5-4C54-8231-707E3EAB2660}.Debug|x86.Build.0 = Debug|Any CPU
		{0DAEF7EE-36C5-4C54-8231-707E3EAB2660}.Kamil|Any CPU.ActiveCfg = Release|Any CPU
		{0DAEF7EE-36C5-4C54-8231-707E3EAB2660}.Kamil|Any CPU.Build.0 = Release|Any CPU
		{0DAEF7EE-36C5-4C54-8231-707E3EAB2660}.Kamil|x64.ActiveCfg = Release|Any CPU
		{0DAEF7EE-36C5-4C54-8231-707E3EAB2660}.Kamil|x64.Build.0 = Release|Any CPU
		{0DAEF7EE-36C5-4C54-8231-707E3EAB2660}.Kamil|x86.ActiveCfg = Release|Any CPU
		{0DAEF7EE-36C5-4C54-8231-707E3EAB2660}.Kamil|x86.Build.0 = Release|Any CPU
		{0DAEF7EE-36C5-4C54-8231-707E3EAB2660}.PROD|Any CPU.ActiveCfg = Release|Any CPU
		{0DAEF7EE-36C5-4C54-8231-707E3EAB2660}.PROD|Any CPU.Build.0 = Release|Any CPU
		{0DAEF7EE-36C5-4C54-8231-707E3EAB2660}.PROD|x64.ActiveCfg = Release|Any CPU
		{0DAEF7EE-36C5-4C54-8231-707E3EAB2660}.PROD|x64.Build.0 = Release|Any CPU
		{0DAEF7EE-36C5-4C54-8231-707E3EAB2660}.PROD|x86.ActiveCfg = Release|Any CPU
		{0DAEF7EE-36C5-4C54-8231-707E3EAB2660}.PROD|x86.Build.0 = Release|Any CPU
		{0DAEF7EE-36C5-4C54-8231-707E3EAB2660}.Rafal|Any CPU.ActiveCfg = Release|Any CPU
		{0DAEF7EE-36C5-4C54-8231-707E3EAB2660}.Rafal|Any CPU.Build.0 = Release|Any CPU
		{0DAEF7EE-36C5-4C54-8231-707E3EAB2660}.Rafal|x64.ActiveCfg = Release|Any CPU
		{0DAEF7EE-36C5-4C54-8231-707E3EAB2660}.Rafal|x64.Build.0 = Release|Any CPU
		{0DAEF7EE-36C5-4C54-8231-707E3EAB2660}.Rafal|x86.ActiveCfg = Release|Any CPU
		{0DAEF7EE-36C5-4C54-8231-707E3EAB2660}.Rafal|x86.Build.0 = Release|Any CPU
		{0DAEF7EE-36C5-4C54-8231-707E3EAB2660}.Release|Any CPU.ActiveCfg = Release|Any CPU
		{0DAEF7EE-36C5-4C54-8231-707E3EAB2660}.Release|Any CPU.Build.0 = Release|Any CPU
		{0DAEF7EE-36C5-4C54-8231-707E3EAB2660}.Release|x64.ActiveCfg = Release|Any CPU
		{0DAEF7EE-36C5-4C54-8231-707E3EAB2660}.Release|x64.Build.0 = Release|Any CPU
		{0DAEF7EE-36C5-4C54-8231-707E3EAB2660}.Release|x86.ActiveCfg = Release|Any CPU
		{0DAEF7EE-36C5-4C54-8231-707E3EAB2660}.Release|x86.Build.0 = Release|Any CPU
		{0DAEF7EE-36C5-4C54-8231-707E3EAB2660}.UAT|Any CPU.ActiveCfg = Release|Any CPU
		{0DAEF7EE-36C5-4C54-8231-707E3EAB2660}.UAT|Any CPU.Build.0 = Release|Any CPU
		{0DAEF7EE-36C5-4C54-8231-707E3EAB2660}.UAT|x64.ActiveCfg = Release|Any CPU
		{0DAEF7EE-36C5-4C54-8231-707E3EAB2660}.UAT|x64.Build.0 = Release|Any CPU
		{0DAEF7EE-36C5-4C54-8231-707E3EAB2660}.UAT|x86.ActiveCfg = Release|Any CPU
		{0DAEF7EE-36C5-4C54-8231-707E3EAB2660}.UAT|x86.Build.0 = Release|Any CPU
		{5D8FF6BB-7498-4981-B2C1-37B553E09BCF}.Damian|Any CPU.ActiveCfg = Debug|Any CPU
		{5D8FF6BB-7498-4981-B2C1-37B553E09BCF}.Damian|Any CPU.Build.0 = Debug|Any CPU
		{5D8FF6BB-7498-4981-B2C1-37B553E09BCF}.Damian|x64.ActiveCfg = Debug|Any CPU
		{5D8FF6BB-7498-4981-B2C1-37B553E09BCF}.Damian|x64.Build.0 = Debug|Any CPU
		{5D8FF6BB-7498-4981-B2C1-37B553E09BCF}.Damian|x86.ActiveCfg = Debug|Any CPU
		{5D8FF6BB-7498-4981-B2C1-37B553E09BCF}.Damian|x86.Build.0 = Debug|Any CPU
		{5D8FF6BB-7498-4981-B2C1-37B553E09BCF}.Debug|Any CPU.ActiveCfg = Debug|Any CPU
		{5D8FF6BB-7498-4981-B2C1-37B553E09BCF}.Debug|Any CPU.Build.0 = Debug|Any CPU
		{5D8FF6BB-7498-4981-B2C1-37B553E09BCF}.Debug|x64.ActiveCfg = Debug|Any CPU
		{5D8FF6BB-7498-4981-B2C1-37B553E09BCF}.Debug|x64.Build.0 = Debug|Any CPU
		{5D8FF6BB-7498-4981-B2C1-37B553E09BCF}.Debug|x86.ActiveCfg = Debug|Any CPU
		{5D8FF6BB-7498-4981-B2C1-37B553E09BCF}.Debug|x86.Build.0 = Debug|Any CPU
		{5D8FF6BB-7498-4981-B2C1-37B553E09BCF}.Kamil|Any CPU.ActiveCfg = Release|Any CPU
		{5D8FF6BB-7498-4981-B2C1-37B553E09BCF}.Kamil|Any CPU.Build.0 = Release|Any CPU
		{5D8FF6BB-7498-4981-B2C1-37B553E09BCF}.Kamil|x64.ActiveCfg = Release|Any CPU
		{5D8FF6BB-7498-4981-B2C1-37B553E09BCF}.Kamil|x64.Build.0 = Release|Any CPU
		{5D8FF6BB-7498-4981-B2C1-37B553E09BCF}.Kamil|x86.ActiveCfg = Release|Any CPU
		{5D8FF6BB-7498-4981-B2C1-37B553E09BCF}.Kamil|x86.Build.0 = Release|Any CPU
		{5D8FF6BB-7498-4981-B2C1-37B553E09BCF}.PROD|Any CPU.ActiveCfg = Release|Any CPU
		{5D8FF6BB-7498-4981-B2C1-37B553E09BCF}.PROD|Any CPU.Build.0 = Release|Any CPU
		{5D8FF6BB-7498-4981-B2C1-37B553E09BCF}.PROD|x64.ActiveCfg = Release|Any CPU
		{5D8FF6BB-7498-4981-B2C1-37B553E09BCF}.PROD|x64.Build.0 = Release|Any CPU
		{5D8FF6BB-7498-4981-B2C1-37B553E09BCF}.PROD|x86.ActiveCfg = Release|Any CPU
		{5D8FF6BB-7498-4981-B2C1-37B553E09BCF}.PROD|x86.Build.0 = Release|Any CPU
		{5D8FF6BB-7498-4981-B2C1-37B553E09BCF}.Rafal|Any CPU.ActiveCfg = Release|Any CPU
		{5D8FF6BB-7498-4981-B2C1-37B553E09BCF}.Rafal|Any CPU.Build.0 = Release|Any CPU
		{5D8FF6BB-7498-4981-B2C1-37B553E09BCF}.Rafal|x64.ActiveCfg = Release|Any CPU
		{5D8FF6BB-7498-4981-B2C1-37B553E09BCF}.Rafal|x64.Build.0 = Release|Any CPU
		{5D8FF6BB-7498-4981-B2C1-37B553E09BCF}.Rafal|x86.ActiveCfg = Release|Any CPU
		{5D8FF6BB-7498-4981-B2C1-37B553E09BCF}.Rafal|x86.Build.0 = Release|Any CPU
		{5D8FF6BB-7498-4981-B2C1-37B553E09BCF}.Release|Any CPU.ActiveCfg = Release|Any CPU
		{5D8FF6BB-7498-4981-B2C1-37B553E09BCF}.Release|Any CPU.Build.0 = Release|Any CPU
		{5D8FF6BB-7498-4981-B2C1-37B553E09BCF}.Release|x64.ActiveCfg = Release|Any CPU
		{5D8FF6BB-7498-4981-B2C1-37B553E09BCF}.Release|x64.Build.0 = Release|Any CPU
		{5D8FF6BB-7498-4981-B2C1-37B553E09BCF}.Release|x86.ActiveCfg = Release|Any CPU
		{5D8FF6BB-7498-4981-B2C1-37B553E09BCF}.Release|x86.Build.0 = Release|Any CPU
		{5D8FF6BB-7498-4981-B2C1-37B553E09BCF}.UAT|Any CPU.ActiveCfg = Release|Any CPU
		{5D8FF6BB-7498-4981-B2C1-37B553E09BCF}.UAT|Any CPU.Build.0 = Release|Any CPU
		{5D8FF6BB-7498-4981-B2C1-37B553E09BCF}.UAT|x64.ActiveCfg = Release|Any CPU
		{5D8FF6BB-7498-4981-B2C1-37B553E09BCF}.UAT|x64.Build.0 = Release|Any CPU
		{5D8FF6BB-7498-4981-B2C1-37B553E09BCF}.UAT|x86.ActiveCfg = Release|Any CPU
		{5D8FF6BB-7498-4981-B2C1-37B553E09BCF}.UAT|x86.Build.0 = Release|Any CPU
	EndGlobalSection
	GlobalSection(SolutionProperties) = preSolution
		HideSolutionNode = FALSE
	EndGlobalSection
	GlobalSection(NestedProjects) = preSolution
		{4F9555F6-A045-482A-970B-19210C83FB18} = {FB0F8A88-4776-4586-AE37-AF74E5A2734C}
		{0DAEF7EE-36C5-4C54-8231-707E3EAB2660} = {FB0F8A88-4776-4586-AE37-AF74E5A2734C}
		{5D8FF6BB-7498-4981-B2C1-37B553E09BCF} = {FB0F8A88-4776-4586-AE37-AF74E5A2734C}
	EndGlobalSection
EndGlobal
